<?xml version="1.0" encoding="utf-8"?>
<Project ToolsVersion="15.0" xmlns="http://schemas.microsoft.com/developer/msbuild/2003">
  <ItemGroup>
    <ClInclude Include="Thing.CoAP\ContentFormat.h">
      <Filter>Header Files</Filter>
    </ClInclude>
    <ClInclude Include="Thing.CoAP\Functions.h">
      <Filter>Header Files</Filter>
    </ClInclude>
    <ClInclude Include="Thing.CoAP\IMessageManager.h">
      <Filter>Header Files</Filter>
    </ClInclude>
    <ClInclude Include="Thing.CoAP\IPacketProvider.h">
      <Filter>Header Files</Filter>
    </ClInclude>
    <ClInclude Include="Thing.CoAP\IServer.h">
      <Filter>Header Files</Filter>
    </ClInclude>
    <ClInclude Include="Thing.CoAP\MessageManager.h">
      <Filter>Header Files</Filter>
    </ClInclude>
    <ClInclude Include="Thing.CoAP\MessageType.h">
      <Filter>Header Files</Filter>
    </ClInclude>
    <ClInclude Include="Thing.CoAP\Method.h">
      <Filter>Header Files</Filter>
    </ClInclude>
    <ClInclude Include="Thing.CoAP\Observer.h">
      <Filter>Header Files</Filter>
    </ClInclude>
    <ClInclude Include="Thing.CoAP\Option.h">
      <Filter>Header Files</Filter>
    </ClInclude>
    <ClInclude Include="Thing.CoAP\OptionValue.h">
      <Filter>Header Files</Filter>
    </ClInclude>
    <ClInclude Include="Thing.CoAP\Request.h">
      <Filter>Header Files</Filter>
    </ClInclude>
    <ClInclude Include="Thing.CoAP\Response.h">
      <Filter>Header Files</Filter>
    </ClInclude>
    <ClInclude Include="Thing.CoAP\ResponseCode.h">
      <Filter>Header Files</Filter>
    </ClInclude>
    <ClInclude Include="Thing.CoAP\Server.h">
      <Filter>Header Files</Filter>
    </ClInclude>
    <ClInclude Include="Thing.CoAP\Status.h">
      <Filter>Header Files</Filter>
    </ClInclude>
    <ClInclude Include="Thing.CoAP\Client.h">
      <Filter>Header Files</Filter>
    </ClInclude>
    <ClInclude Include="Thing.CoAP\IPAddress.h">
      <Filter>Header Files</Filter>
    </ClInclude>
    <ClInclude Include="Thing.CoAP\IClient.h">
      <Filter>Header Files</Filter>
    </ClInclude>
    <ClInclude Include="Thing.CoAP\ObserveToken.h">
      <Filter>Header Files</Filter>
    </ClInclude>
    <ClInclude Include="Thing.CoAP\ResponseCallback.h">
      <Filter>Header Files</Filter>
    </ClInclude>
    <ClInclude Include="Thing.CoAP\Packet.h">
      <Filter>Header Files</Filter>
    </ClInclude>
    <ClInclude Include="Thing.CoAP\IResource.h">
      <Filter>Header Files</Filter>
    </ClInclude>
    <ClInclude Include="Thing.CoAP\IFunctionalResource.h">
      <Filter>Header Files</Filter>
    </ClInclude>
    <ClInclude Include="Thing.CoAP\ResourceBase.h">
      <Filter>Header Files</Filter>
    </ClInclude>
    <ClInclude Include="Thing.CoAP\FunctionalResource.h">
      <Filter>Header Files</Filter>
    </ClInclude>
    <ClInclude Include="Thing.CoAP.h">
      <Filter>Header Files</Filter>
    </ClInclude>
    <ClInclude Include="Thing.CoAP\WebLink.h">
      <Filter>Header Files</Filter>
    </ClInclude>
  </ItemGroup>
  <ItemGroup>
    <ClCompile Include="Thing.CoAP\MessageManager.cpp">
      <Filter>Source Files</Filter>
    </ClCompile>
    <ClCompile Include="Thing.CoAP\Observer.cpp">
      <Filter>Source Files</Filter>
    </ClCompile>
    <ClCompile Include="Thing.CoAP\Option.cpp">
      <Filter>Source Files</Filter>
    </ClCompile>
    <ClCompile Include="Thing.CoAP\Packet.cpp">
      <Filter>Source Files</Filter>
    </ClCompile>
    <ClCompile Include="Thing.CoAP\Server.cpp">
      <Filter>Source Files</Filter>
    </ClCompile>
    <ClCompile Include="Thing.CoAP\Status.cpp">
      <Filter>Source Files</Filter>
    </ClCompile>
    <ClCompile Include="Thing.CoAP\Client.cpp">
      <Filter>Source Files</Filter>
    </ClCompile>
    <ClCompile Include="Thing.CoAP\ObserveToken.cpp">
      <Filter>Source Files</Filter>
    </ClCompile>
    <ClCompile Include="Thing.CoAP\ObserveToken.cpp">
      <Filter>Source Files</Filter>
    </ClCompile>
    <ClCompile Include="Thing.CoAP\ResourceBase.cpp">
      <Filter>Source Files</Filter>
    </ClCompile>
    <ClCompile Include="Thing.CoAP\FunctionalResource.cpp">
      <Filter>Source Files</Filter>
    </ClCompile>
    <ClCompile Include="Thing.CoAP.cpp">
      <Filter>Source Files</Filter>
    </ClCompile>
    <ClCompile Include="Thing.CoAP\WebLink.cpp">
      <Filter>Source Files</Filter>
    </ClCompile>
  </ItemGroup>
  <ItemGroup>
    <None Include="Thing.CoAP\README.md" />
  </ItemGroup>
  <ItemGroup>
    <Filter Include="Header Files">
      <UniqueIdentifier>{5f5039ea-6c71-4b58-bc41-f609c0c95a9a}</UniqueIdentifier>
      <Extensions>h</Extensions>
    </Filter>
    <Filter Include="Source Files">
      <UniqueIdentifier>{d1c70034-ed04-4612-9716-238a9c539f76}</UniqueIdentifier>
      <Extensions>cpp;c</Extensions>
    </Filter>
  </ItemGroup>
</Project>