<?xml version="1.0" encoding="utf-8"?>
<Project ToolsVersion="15.0" xmlns="http://schemas.microsoft.com/developer/msbuild/2003">
  <ItemGroup>
    <Filter Include="Resource Files">
      <UniqueIdentifier>{67DA6AB6-F800-4c08-8B7A-83BB121AAD01}</UniqueIdentifier>
      <Extensions>rc;ico;cur;bmp;dlg;rc2;rct;bin;rgs;gif;jpg;jpeg;jpe;resx;tga;tiff;tif;png;wav;mfcribbon-ms</Extensions>
    </Filter>
    <Filter Include="Header Files">
      <UniqueIdentifier>{77b4b0fa-4d4e-4e57-904a-181afc36546b}</UniqueIdentifier>
    </Filter>
    <Filter Include="Source Files">
      <UniqueIdentifier>{39aa212d-1611-44f7-9d61-cc1875938ed1}</UniqueIdentifier>
    </Filter>
    <Filter Include="Enums">
      <UniqueIdentifier>{fdc1cfe3-a461-4748-9c63-8d97c2cf5510}</UniqueIdentifier>
    </Filter>
  </ItemGroup>
  <ItemGroup>
    <ClInclude Include="Observer.h">
      <Filter>Header Files</Filter>
    </ClInclude>
    <ClInclude Include="Option.h">
      <Filter>Header Files</Filter>
    </ClInclude>
    <ClInclude Include="Request.h">
      <Filter>Header Files</Filter>
    </ClInclude>
    <ClInclude Include="Response.h">
      <Filter>Header Files</Filter>
    </ClInclude>
    <ClInclude Include="Packet.h">
      <Filter>Header Files</Filter>
    </ClInclude>
    <ClInclude Include="IEndpoint.h">
      <Filter>Header Files</Filter>
    </ClInclude>
    <ClInclude Include="ContentFormat.h">
      <Filter>Enums</Filter>
    </ClInclude>
    <ClInclude Include="MessageType.h">
      <Filter>Enums</Filter>
    </ClInclude>
    <ClInclude Include="Method.h">
      <Filter>Enums</Filter>
    </ClInclude>
    <ClInclude Include="OptionValue.h">
      <Filter>Enums</Filter>
    </ClInclude>
    <ClInclude Include="ResponseCode.h">
      <Filter>Enums</Filter>
    </ClInclude>
    <ClInclude Include="IServer.h">
      <Filter>Header Files</Filter>
    </ClInclude>
    <ClInclude Include="Status.h">
      <Filter>Header Files</Filter>
    </ClInclude>
    <ClInclude Include="CoAPServer.h">
      <Filter>Header Files</Filter>
    </ClInclude>
    <ClInclude Include="CoAPEndpoint.h">
      <Filter>Header Files</Filter>
    </ClInclude>
    <ClInclude Include="CoAPFunctions.h">
      <Filter>Header Files</Filter>
    </ClInclude>
    <ClInclude Include="IMessageManager.h">
      <Filter>Header Files</Filter>
    </ClInclude>
    <ClInclude Include="MessageManager.h">
      <Filter>Header Files</Filter>
    </ClInclude>
    <ClInclude Include="IPacketProvider.h">
      <Filter>Header Files</Filter>
    </ClInclude>
  </ItemGroup>
  <ItemGroup>
    <ClCompile Include="Observer.cpp">
      <Filter>Source Files</Filter>
    </ClCompile>
    <ClCompile Include="Option.cpp">
      <Filter>Source Files</Filter>
    </ClCompile>
    <ClCompile Include="Packet.cpp">
      <Filter>Source Files</Filter>
    </ClCompile>
    <ClCompile Include="Status.cpp">
      <Filter>Source Files</Filter>
    </ClCompile>
    <ClCompile Include="CoAPServer.cpp">
      <Filter>Source Files</Filter>
    </ClCompile>
    <ClCompile Include="CoAPEndpoint.cpp">
      <Filter>Source Files</Filter>
    </ClCompile>
    <ClCompile Include="MessageManager.cpp">
      <Filter>Source Files</Filter>
    </ClCompile>
  </ItemGroup>
</Project>